{
  "requires": true,
  "lockfileVersion": 1,
  "dependencies": {
    "react-d3-graph": {
      "version": "2.0.0-rc2",
      "resolved": "https://registry.npmjs.org/react-d3-graph/-/react-d3-graph-2.0.0-rc2.tgz",
      "integrity": "sha512-PBRzIK/vBcH3EGWuOA7RiepXhEj1GQANQGP630WCnFQh3mI7vNdiEreFx/Cr1jqwdh4YtA9p8sBxTzvP8Zelww=="
    }
  }
}
